
Microsoft Visual Studio Solution File, Format Version 12.00
# Visual Studio Version 17
VisualStudioVersion = 17.6.33723.286
MinimumVisualStudioVersion = 10.0.40219.1
Project("{FAE04EC0-301F-11D3-BF4B-00C04F79EFBC}") = "StrigBuilder", "StrigBuilder\StrigBuilder.csproj", "{FE27EC44-E66A-457E-8DCC-9764B62E950C}"
EndProject
Global
	GlobalSection(SolutionConfigurationPlatforms) = preSolution
		Debug|Any CPU = Debug|Any CPU
		Release|Any CPU = Release|Any CPU
	EndGlobalSection
	GlobalSection(ProjectConfigurationPlatforms) = postSolution
		{FE27EC44-E66A-457E-8DCC-9764B62E950C}.Debug|Any CPU.ActiveCfg = Debug|Any CPU
		{FE27EC44-E66A-457E-8DCC-9764B62E950C}.Debug|Any CPU.Build.0 = Debug|Any CPU
		{FE27EC44-E66A-457E-8DCC-9764B62E950C}.Release|Any CPU.ActiveCfg = Release|Any CPU
		{FE27EC44-E66A-457E-8DCC-9764B62E950C}.Release|Any CPU.Build.0 = Release|Any CPU
	EndGlobalSection
	GlobalSection(SolutionProperties) = preSolution
		HideSolutionNode = FALSE
	EndGlobalSection
	GlobalSection(ExtensibilityGlobals) = postSolution
		SolutionGuid = {FD55E7A5-6D9C-4553-A204-EE5B77AEB1CA}
	EndGlobalSection
EndGlobal
